<?xml version="1.0" encoding="utf-8"?>
<Project ToolsVersion="4.0" xmlns="http://schemas.microsoft.com/developer/msbuild/2003">
  <ItemGroup>
    <ClCompile Include="lib\fmt\format.cc">
      <Filter>lib\fmt</Filter>
    </ClCompile>
    <ClCompile Include="lib\fmt\ostream.cc">
      <Filter>lib\fmt</Filter>
    </ClCompile>
    <ClCompile Include="lib\fmt\posix.cc">
      <Filter>lib\fmt</Filter>
    </ClCompile>
    <ClCompile Include="lib\fmt\printf.cc">
      <Filter>lib\fmt</Filter>
    </ClCompile>
    <ClCompile Include="lib\json\jsoncpp.cpp">
      <Filter>lib\jsoncpp</Filter>
    </ClCompile>
    <ClCompile Include="src\csurf_main.cpp" />
    <ClCompile Include="src\csurf_sl.cpp" />
    <ClCompile Include="src\controls\sl_button.cpp">
      <Filter>controls</Filter>
    </ClCompile>
    <ClCompile Include="src\controls\sl_drumpad.cpp">
      <Filter>controls</Filter>
    </ClCompile>
    <ClCompile Include="src\controls\sl_touchpad.cpp">
      <Filter>controls</Filter>
    </ClCompile>
    <ClCompile Include="src\routines\sl_cmd.cpp">
      <Filter>routines</Filter>
    </ClCompile>
    <ClCompile Include="src\routines\sl_display.cpp">
      <Filter>routines</Filter>
    </ClCompile>
    <ClCompile Include="src\routines\sl_led.cpp">
      <Filter>routines</Filter>
    </ClCompile>
    <ClCompile Include="src\routines\sl_modeselector.cpp">
      <Filter>routines</Filter>
    </ClCompile>
    <ClCompile Include="src\routines\sl_transport.cpp">
      <Filter>routines</Filter>
    </ClCompile>
    <ClCompile Include="src\reaper\rea_track.cpp">
      <Filter>reaper</Filter>
    </ClCompile>
    <ClCompile Include="lib\JuceLibraryCode\include_juce_audio_basics.cpp">
      <Filter>lib\JuceLibraryCode</Filter>
    </ClCompile>
    <ClCompile Include="lib\JuceLibraryCode\include_juce_audio_devices.cpp">
      <Filter>lib\JuceLibraryCode</Filter>
    </ClCompile>
    <ClCompile Include="lib\JuceLibraryCode\include_juce_audio_formats.cpp">
      <Filter>lib\JuceLibraryCode</Filter>
    </ClCompile>
    <ClCompile Include="lib\JuceLibraryCode\include_juce_audio_processors.cpp">
      <Filter>lib\JuceLibraryCode</Filter>
    </ClCompile>
    <ClCompile Include="lib\JuceLibraryCode\include_juce_core.cpp">
      <Filter>lib\JuceLibraryCode</Filter>
    </ClCompile>
    <ClCompile Include="lib\JuceLibraryCode\include_juce_cryptography.cpp">
      <Filter>lib\JuceLibraryCode</Filter>
    </ClCompile>
    <ClCompile Include="lib\JuceLibraryCode\include_juce_data_structures.cpp">
      <Filter>lib\JuceLibraryCode</Filter>
    </ClCompile>
    <ClCompile Include="lib\JuceLibraryCode\include_juce_events.cpp">
      <Filter>lib\JuceLibraryCode</Filter>
    </ClCompile>
    <ClCompile Include="lib\JuceLibraryCode\include_juce_graphics.cpp">
      <Filter>lib\JuceLibraryCode</Filter>
    </ClCompile>
    <ClCompile Include="lib\JuceLibraryCode\include_juce_gui_basics.cpp">
      <Filter>lib\JuceLibraryCode</Filter>
    </ClCompile>
    <ClCompile Include="lib\JuceLibraryCode\include_juce_gui_extra.cpp">
      <Filter>lib\JuceLibraryCode</Filter>
    </ClCompile>
    <ClCompile Include="lib\JuceLibraryCode\include_juce_opengl.cpp">
      <Filter>lib\JuceLibraryCode</Filter>
    </ClCompile>
    <ClCompile Include="src\gui\sl_gui.cpp" />
    <ClCompile Include="lib\imgui\imgui.cpp">
      <Filter>lib\imgui</Filter>
    </ClCompile>
    <ClCompile Include="lib\imgui\imgui_demo.cpp">
      <Filter>lib\imgui</Filter>
    </ClCompile>
    <ClCompile Include="lib\imgui\imgui_draw.cpp">
      <Filter>lib\imgui</Filter>
    </ClCompile>
    <ClCompile Include="lib\imgui\imgui_widgets.cpp">
      <Filter>lib\imgui</Filter>
    </ClCompile>
  </ItemGroup>
  <ItemGroup>
    <ClInclude Include="lib\fmt\container.h">
      <Filter>lib\fmt</Filter>
    </ClInclude>
    <ClInclude Include="lib\fmt\format.h">
      <Filter>lib\fmt</Filter>
    </ClInclude>
    <ClInclude Include="lib\fmt\ostream.h">
      <Filter>lib\fmt</Filter>
    </ClInclude>
    <ClInclude Include="lib\fmt\posix.h">
      <Filter>lib\fmt</Filter>
    </ClInclude>
    <ClInclude Include="lib\fmt\printf.h">
      <Filter>lib\fmt</Filter>
    </ClInclude>
    <ClInclude Include="lib\fmt\string.h">
      <Filter>lib\fmt</Filter>
    </ClInclude>
    <ClInclude Include="lib\fmt\time.h">
      <Filter>lib\fmt</Filter>
    </ClInclude>
    <ClInclude Include="lib\json\json\json.h">
      <Filter>lib\jsoncpp\json</Filter>
    </ClInclude>
    <ClInclude Include="lib\json\json\json-forwards.h">
      <Filter>lib\jsoncpp\json</Filter>
    </ClInclude>
    <ClInclude Include="src\csurf.h" />
    <ClInclude Include="src\csurf_sl.h" />
    <ClInclude Include="src\reaper_plugin.h" />
    <ClInclude Include="src\reaper_plugin_functions.h" />
    <ClInclude Include="src\resource.h" />
    <ClInclude Include="src\controls\sl_button.h">
      <Filter>controls</Filter>
    </ClInclude>
    <ClInclude Include="src\controls\sl_drumpad.h">
      <Filter>controls</Filter>
    </ClInclude>
    <ClInclude Include="src\controls\sl_encoder.h">
      <Filter>controls</Filter>
    </ClInclude>
    <ClInclude Include="src\controls\sl_fader.h">
      <Filter>controls</Filter>
    </ClInclude>
    <ClInclude Include="src\controls\sl_pot.h">
      <Filter>controls</Filter>
    </ClInclude>
    <ClInclude Include="src\controls\sl_speeddial.h">
      <Filter>controls</Filter>
    </ClInclude>
    <ClInclude Include="src\controls\sl_touchpad.h">
      <Filter>controls</Filter>
    </ClInclude>
    <ClInclude Include="src\routines\sl_cmd.h">
      <Filter>routines</Filter>
    </ClInclude>
    <ClInclude Include="src\routines\sl_convert.h">
      <Filter>routines</Filter>
    </ClInclude>
    <ClInclude Include="src\routines\sl_dependencies.h">
      <Filter>routines</Filter>
    </ClInclude>
    <ClInclude Include="src\routines\sl_display.h">
      <Filter>routines</Filter>
    </ClInclude>
    <ClInclude Include="src\routines\sl_global.h">
      <Filter>routines</Filter>
    </ClInclude>
    <ClInclude Include="src\routines\sl_led.h">
      <Filter>routines</Filter>
    </ClInclude>
    <ClInclude Include="src\routines\sl_modeselector.h">
      <Filter>routines</Filter>
    </ClInclude>
    <ClInclude Include="src\routines\sl_sysex.h">
      <Filter>routines</Filter>
    </ClInclude>
    <ClInclude Include="src\routines\sl_transport.h">
      <Filter>routines</Filter>
    </ClInclude>
    <ClInclude Include="src\reaper\rea_data.h">
      <Filter>reaper</Filter>
    </ClInclude>
    <ClInclude Include="src\reaper\rea_track.h">
      <Filter>reaper</Filter>
    </ClInclude>
    <ClInclude Include="lib\timer\cxxtimer.hpp">
      <Filter>lib\timer</Filter>
    </ClInclude>
    <ClInclude Include="src\gui\sl_gui.h">
      <Filter>gui</Filter>
    </ClInclude>
    <ClInclude Include="lib\JuceLibraryCode\AppConfig.h">
      <Filter>lib\JuceLibraryCode</Filter>
    </ClInclude>
    <ClInclude Include="lib\JuceLibraryCode\JuceHeader.h">
      <Filter>lib\JuceLibraryCode</Filter>
    </ClInclude>
    <ClInclude Include="lib\nana\audio\detail\audio_device.hpp" />
    <ClInclude Include="lib\nana\audio\detail\audio_stream.hpp" />
    <ClInclude Include="lib\nana\audio\detail\buffer_preparation.hpp" />
    <ClInclude Include="lib\nana\audio\player.hpp" />
    <ClInclude Include="lib\nana\filesystem\filesystem.hpp" />
    <ClInclude Include="lib\nana\filesystem\filesystem_ext.hpp" />
    <ClInclude Include="lib\nana\gui\detail\basic_window.hpp" />
    <ClInclude Include="lib\nana\gui\detail\bedrock.hpp" />
    <ClInclude Include="lib\nana\gui\detail\color_schemes.hpp" />
    <ClInclude Include="lib\nana\gui\detail\drawer.hpp" />
    <ClInclude Include="lib\nana\gui\detail\effects_renderer.hpp" />
    <ClInclude Include="lib\nana\gui\detail\element_store.hpp" />
    <ClInclude Include="lib\nana\gui\detail\event_code.hpp" />
    <ClInclude Include="lib\nana\gui\detail\events_holder.hpp" />
    <ClInclude Include="lib\nana\gui\detail\events_operation.hpp" />
    <ClInclude Include="lib\nana\gui\detail\general_events.hpp" />
    <ClInclude Include="lib\nana\gui\detail\inner_fwd.hpp" />
    <ClInclude Include="lib\nana\gui\detail\internal_scope_guard.hpp" />
    <ClInclude Include="lib\nana\gui\detail\native_window_interface.hpp" />
    <ClInclude Include="lib\nana\gui\detail\widget_content_measurer_interface.hpp" />
    <ClInclude Include="lib\nana\gui\detail\widget_geometrics.hpp" />
    <ClInclude Include="lib\nana\gui\detail\widget_notifier_interface.hpp" />
    <ClInclude Include="lib\nana\gui\detail\window_layout.hpp" />
    <ClInclude Include="lib\nana\gui\detail\window_manager.hpp" />
    <ClInclude Include="lib\nana\gui\widgets\detail\compset.hpp" />
    <ClInclude Include="lib\nana\gui\widgets\detail\inline_widget.hpp" />
    <ClInclude Include="lib\nana\gui\widgets\detail\inline_widget_manager.hpp" />
    <ClInclude Include="lib\nana\gui\widgets\detail\tree_cont.hpp" />
    <ClInclude Include="lib\nana\gui\widgets\detail\widget_iterator.hpp" />
    <ClInclude Include="lib\nana\gui\widgets\skeletons\text_editor.hpp" />
    <ClInclude Include="lib\nana\gui\widgets\skeletons\text_editor_part.hpp" />
    <ClInclude Include="lib\nana\gui\widgets\skeletons\text_token_stream.hpp" />
    <ClInclude Include="lib\nana\gui\widgets\skeletons\textbase.hpp" />
    <ClInclude Include="lib\nana\gui\widgets\skeletons\textbase_export_interface.hpp" />
    <ClInclude Include="lib\nana\gui\widgets\button.hpp" />
    <ClInclude Include="lib\nana\gui\widgets\categorize.hpp" />
    <ClInclude Include="lib\nana\gui\widgets\checkbox.hpp" />
    <ClInclude Include="lib\nana\gui\widgets\combox.hpp" />
    <ClInclude Include="lib\nana\gui\widgets\date_chooser.hpp" />
    <ClInclude Include="lib\nana\gui\widgets\float_listbox.hpp" />
    <ClInclude Include="lib\nana\gui\widgets\form.hpp" />
    <ClInclude Include="lib\nana\gui\widgets\group.hpp" />
    <ClInclude Include="lib\nana\gui\widgets\label.hpp" />
    <ClInclude Include="lib\nana\gui\widgets\listbox.hpp" />
    <ClInclude Include="lib\nana\gui\widgets\menu.hpp" />
    <ClInclude Include="lib\nana\gui\widgets\menubar.hpp" />
    <ClInclude Include="lib\nana\gui\widgets\panel.hpp" />
    <ClInclude Include="lib\nana\gui\widgets\picture.hpp" />
    <ClInclude Include="lib\nana\gui\widgets\progress.hpp" />
    <ClInclude Include="lib\nana\gui\widgets\scroll.hpp" />
    <ClInclude Include="lib\nana\gui\widgets\slider.hpp" />
    <ClInclude Include="lib\nana\gui\widgets\spinbox.hpp" />
    <ClInclude Include="lib\nana\gui\widgets\tabbar.hpp" />
    <ClInclude Include="lib\nana\gui\widgets\textbox.hpp" />
    <ClInclude Include="lib\nana\gui\widgets\toolbar.hpp" />
    <ClInclude Include="lib\nana\gui\widgets\treebox.hpp" />
    <ClInclude Include="lib\nana\gui\widgets\widget.hpp" />
    <ClInclude Include="lib\nana\gui\animation.hpp" />
    <ClInclude Include="lib\nana\gui\basis.hpp" />
    <ClInclude Include="lib\nana\gui\dragdrop.hpp" />
    <ClInclude Include="lib\nana\gui\dragger.hpp" />
    <ClInclude Include="lib\nana\gui\drawing.hpp" />
    <ClInclude Include="lib\nana\gui\effects.hpp" />
    <ClInclude Include="lib\nana\gui\element.hpp" />
    <ClInclude Include="lib\nana\gui\filebox.hpp" />
    <ClInclude Include="lib\nana\gui\layout_utility.hpp" />
    <ClInclude Include="lib\nana\gui\msgbox.hpp" />
    <ClInclude Include="lib\nana\gui\notifier.hpp" />
    <ClInclude Include="lib\nana\gui\place.hpp" />
    <ClInclude Include="lib\nana\gui\programming_interface.hpp" />
    <ClInclude Include="lib\nana\gui\screen.hpp" />
    <ClInclude Include="lib\nana\gui\state_cursor.hpp" />
    <ClInclude Include="lib\nana\gui\timer.hpp" />
    <ClInclude Include="lib\nana\gui\tooltip.hpp" />
    <ClInclude Include="lib\nana\gui\wvl.hpp" />
    <ClInclude Include="lib\nana\paint\detail\image_impl_interface.hpp" />
    <ClInclude Include="lib\nana\paint\detail\image_process_provider.hpp" />
    <ClInclude Include="lib\nana\paint\detail\native_paint_interface.hpp" />
    <ClInclude Include="lib\nana\paint\detail\ptdefs.hpp" />
    <ClInclude Include="lib\nana\paint\graphics.hpp" />
    <ClInclude Include="lib\nana\paint\image.hpp" />
    <ClInclude Include="lib\nana\paint\image_process_interface.hpp" />
    <ClInclude Include="lib\nana\paint\image_process_selector.hpp" />
    <ClInclude Include="lib\nana\paint\pixel_buffer.hpp" />
    <ClInclude Include="lib\nana\paint\text_renderer.hpp" />
    <ClInclude Include="lib\nana\pat\abstract_factory.hpp" />
    <ClInclude Include="lib\nana\pat\cloneable.hpp" />
    <ClInclude Include="lib\nana\system\dataexch.hpp" />
    <ClInclude Include="lib\nana\system\platform.hpp" />
    <ClInclude Include="lib\nana\system\shared_wrapper.hpp" />
    <ClInclude Include="lib\nana\system\timepiece.hpp" />
    <ClInclude Include="lib\nana\threads\pool.hpp" />
    <ClInclude Include="lib\nana\any.hpp" />
    <ClInclude Include="lib\nana\basic_types.hpp" />
    <ClInclude Include="lib\nana\c++defines.hpp" />
    <ClInclude Include="lib\nana\charset.hpp" />
    <ClInclude Include="lib\nana\concepts.hpp" />
    <ClInclude Include="lib\nana\config.hpp" />
    <ClInclude Include="lib\nana\datetime.hpp" />
    <ClInclude Include="lib\nana\deploy.hpp" />
    <ClInclude Include="lib\nana\fwd.hpp" />
    <ClInclude Include="lib\nana\gui.hpp" />
    <ClInclude Include="lib\nana\internationalization.hpp" />
    <ClInclude Include="lib\nana\key_type.hpp" />
    <ClInclude Include="lib\nana\optional.hpp" />
    <ClInclude Include="lib\nana\std_condition_variable.hpp" />
    <ClInclude Include="lib\nana\std_mutex.hpp" />
    <ClInclude Include="lib\nana\std_thread.hpp" />
    <ClInclude Include="lib\nana\stdc++.hpp" />
    <ClInclude Include="lib\nana\traits.hpp" />
    <ClInclude Include="lib\nana\unicode_bidi.hpp" />
    <ClInclude Include="lib\nana\verbose_preprocessor.hpp" />
    <ClInclude Include="lib\imgui\imconfig.h">
      <Filter>lib\imgui</Filter>
    </ClInclude>
    <ClInclude Include="lib\imgui\imgui.h">
      <Filter>lib\imgui</Filter>
    </ClInclude>
    <ClInclude Include="lib\imgui\imgui_internal.h">
      <Filter>lib\imgui</Filter>
    </ClInclude>
    <ClInclude Include="lib\imgui\imstb_rectpack.h">
      <Filter>lib\imgui</Filter>
    </ClInclude>
    <ClInclude Include="lib\imgui\imstb_textedit.h">
      <Filter>lib\imgui</Filter>
    </ClInclude>
    <ClInclude Include="lib\imgui\imstb_truetype.h">
      <Filter>lib\imgui</Filter>
    </ClInclude>
    <ClInclude Include="lib\nanogui\button.h" />
    <ClInclude Include="lib\nanogui\checkbox.h" />
    <ClInclude Include="lib\nanogui\colorpicker.h" />
    <ClInclude Include="lib\nanogui\colorwheel.h" />
    <ClInclude Include="lib\nanogui\combobox.h" />
    <ClInclude Include="lib\nanogui\common.h" />
    <ClInclude Include="lib\nanogui\entypo.h" />
    <ClInclude Include="lib\nanogui\formhelper.h" />
    <ClInclude Include="lib\nanogui\glcanvas.h" />
    <ClInclude Include="lib\nanogui\glutil.h" />
    <ClInclude Include="lib\nanogui\graph.h" />
    <ClInclude Include="lib\nanogui\imagepanel.h" />
    <ClInclude Include="lib\nanogui\imageview.h" />
    <ClInclude Include="lib\nanogui\label.h" />
    <ClInclude Include="lib\nanogui\layout.h" />
    <ClInclude Include="lib\nanogui\messagedialog.h" />
    <ClInclude Include="lib\nanogui\nanogui.h" />
    <ClInclude Include="lib\nanogui\object.h" />
    <ClInclude Include="lib\nanogui\opengl.h" />
    <ClInclude Include="lib\nanogui\popup.h" />
    <ClInclude Include="lib\nanogui\popupbutton.h" />
    <ClInclude Include="lib\nanogui\progressbar.h" />
    <ClInclude Include="lib\nanogui\python.h" />
    <ClInclude Include="lib\nanogui\screen.h" />
    <ClInclude Include="lib\nanogui\serializer\core.h" />
    <ClInclude Include="lib\nanogui\serializer\opengl.h" />
    <ClInclude Include="lib\nanogui\serializer\sparse.h" />
    <ClInclude Include="lib\nanogui\slider.h" />
    <ClInclude Include="lib\nanogui\stackedwidget.h" />
    <ClInclude Include="lib\nanogui\tabheader.h" />
    <ClInclude Include="lib\nanogui\tabwidget.h" />
    <ClInclude Include="lib\nanogui\textbox.h" />
    <ClInclude Include="lib\nanogui\theme.h" />
    <ClInclude Include="lib\nanogui\toolbutton.h" />
    <ClInclude Include="lib\nanogui\vscrollpanel.h" />
    <ClInclude Include="lib\nanogui\widget.h" />
    <ClInclude Include="lib\nanogui\window.h" />
  </ItemGroup>
  <ItemGroup>
    <Filter Include="Config">
      <UniqueIdentifier>{911140e0-56f1-49c8-a130-98e5e322ca5c}</UniqueIdentifier>
    </Filter>
    <Filter Include="lib">
      <UniqueIdentifier>{b5310bd5-4c32-4805-9987-ba167e62bcb9}</UniqueIdentifier>
    </Filter>
    <Filter Include="lib\jsoncpp">
      <UniqueIdentifier>{eedde765-7807-4ac4-b9f2-1cd57719cd98}</UniqueIdentifier>
    </Filter>
    <Filter Include="lib\jsoncpp\json">
      <UniqueIdentifier>{ee2a372c-4f0d-464f-a8db-94266cedd732}</UniqueIdentifier>
    </Filter>
    <Filter Include="lib\fmt">
      <UniqueIdentifier>{afb90d60-4e42-48e9-9a2e-805de44c9dde}</UniqueIdentifier>
    </Filter>
    <Filter Include="routines">
      <UniqueIdentifier>{b74d3f81-737f-44a6-957e-88627a228026}</UniqueIdentifier>
    </Filter>
    <Filter Include="reaper">
      <UniqueIdentifier>{b7a91960-d13d-4cbb-9d8a-51063cdc33b5}</UniqueIdentifier>
    </Filter>
    <Filter Include="controls">
      <UniqueIdentifier>{f05303d2-2ac9-413e-ba9f-d1a425129156}</UniqueIdentifier>
    </Filter>
    <Filter Include="extra">
      <UniqueIdentifier>{48cad999-2e1b-41b5-b516-3be4c31864a4}</UniqueIdentifier>
    </Filter>
    <Filter Include="lib\timer">
      <UniqueIdentifier>{16605cc3-50cb-4802-b2d3-673e0aa30dca}</UniqueIdentifier>
    </Filter>
    <Filter Include="gui">
      <UniqueIdentifier>{f0fbe70c-a2ae-4628-b17d-a4b8096f4f2a}</UniqueIdentifier>
    </Filter>
    <Filter Include="lib\JuceLibraryCode">
      <UniqueIdentifier>{037444d8-1012-4f90-81b4-063c536c5277}</UniqueIdentifier>
    </Filter>
    <Filter Include="lib\nanogui">
      <UniqueIdentifier>{152f0202-96b6-437c-8ebd-c935bb81d09d}</UniqueIdentifier>
    </Filter>
    <Filter Include="lib\imgui">
      <UniqueIdentifier>{6f0f2bc4-8be6-4ca9-807d-6220cab32d09}</UniqueIdentifier>
    </Filter>
  </ItemGroup>
  <ItemGroup>
    <None Include="lib\JuceLibraryCode\include_juce_audio_basics.mm">
      <Filter>lib\JuceLibraryCode</Filter>
    </None>
    <None Include="lib\JuceLibraryCode\include_juce_audio_devices.mm">
      <Filter>lib\JuceLibraryCode</Filter>
    </None>
    <None Include="lib\JuceLibraryCode\include_juce_audio_formats.mm">
      <Filter>lib\JuceLibraryCode</Filter>
    </None>
    <None Include="lib\JuceLibraryCode\include_juce_audio_processors.mm">
      <Filter>lib\JuceLibraryCode</Filter>
    </None>
    <None Include="lib\JuceLibraryCode\include_juce_core.mm">
      <Filter>lib\JuceLibraryCode</Filter>
    </None>
    <None Include="lib\JuceLibraryCode\include_juce_cryptography.mm">
      <Filter>lib\JuceLibraryCode</Filter>
    </None>
    <None Include="lib\JuceLibraryCode\include_juce_data_structures.mm">
      <Filter>lib\JuceLibraryCode</Filter>
    </None>
    <None Include="lib\JuceLibraryCode\include_juce_events.mm">
      <Filter>lib\JuceLibraryCode</Filter>
    </None>
    <None Include="lib\JuceLibraryCode\include_juce_graphics.mm">
      <Filter>lib\JuceLibraryCode</Filter>
    </None>
    <None Include="lib\JuceLibraryCode\include_juce_gui_basics.mm">
      <Filter>lib\JuceLibraryCode</Filter>
    </None>
    <None Include="lib\JuceLibraryCode\include_juce_gui_extra.mm">
      <Filter>lib\JuceLibraryCode</Filter>
    </None>
    <None Include="lib\JuceLibraryCode\include_juce_opengl.mm">
      <Filter>lib\JuceLibraryCode</Filter>
    </None>
  </ItemGroup>
  <ItemGroup>
    <Text Include="lib\fmt\CMakeLists.txt">
      <Filter>lib\fmt</Filter>
    </Text>
    <Text Include="lib\JuceLibraryCode\ReadMe.txt">
      <Filter>lib\JuceLibraryCode</Filter>
    </Text>
  </ItemGroup>
  <ItemGroup>
    <ResourceCompile Include="src\res.rc" />
  </ItemGroup>
</Project>