<?xml version="1.0" encoding="utf-8"?>
<Project ToolsVersion="4.0" xmlns="http://schemas.microsoft.com/developer/msbuild/2003">
  <ItemGroup>
    <ClCompile Include="lib\fmt\format.cc">
      <Filter>lib\fmt</Filter>
    </ClCompile>
    <ClCompile Include="lib\fmt\ostream.cc">
      <Filter>lib\fmt</Filter>
    </ClCompile>
    <ClCompile Include="lib\fmt\posix.cc">
      <Filter>lib\fmt</Filter>
    </ClCompile>
    <ClCompile Include="lib\fmt\printf.cc">
      <Filter>lib\fmt</Filter>
    </ClCompile>
    <ClCompile Include="lib\json\jsoncpp.cpp">
      <Filter>lib\jsoncpp</Filter>
    </ClCompile>
    <ClCompile Include="src\csurf_main.cpp" />
    <ClCompile Include="src\csurf_sl.cpp" />
    <ClCompile Include="src\controls\sl_button.cpp">
      <Filter>controls</Filter>
    </ClCompile>
    <ClCompile Include="src\controls\sl_drumpad.cpp">
      <Filter>controls</Filter>
    </ClCompile>
    <ClCompile Include="src\controls\sl_touchpad.cpp">
      <Filter>controls</Filter>
    </ClCompile>
    <ClCompile Include="src\routines\sl_cmd.cpp">
      <Filter>routines</Filter>
    </ClCompile>
    <ClCompile Include="src\routines\sl_display.cpp">
      <Filter>routines</Filter>
    </ClCompile>
    <ClCompile Include="src\routines\sl_led.cpp">
      <Filter>routines</Filter>
    </ClCompile>
    <ClCompile Include="src\routines\sl_modeselector.cpp">
      <Filter>routines</Filter>
    </ClCompile>
    <ClCompile Include="src\routines\sl_transport.cpp">
      <Filter>routines</Filter>
    </ClCompile>
    <ClCompile Include="src\reaper\rea_track.cpp">
      <Filter>reaper</Filter>
    </ClCompile>
    <ClCompile Include="lib\JuceLibraryCode\include_juce_audio_basics.cpp">
      <Filter>lib\JuceLibraryCode</Filter>
    </ClCompile>
    <ClCompile Include="lib\JuceLibraryCode\include_juce_audio_devices.cpp">
      <Filter>lib\JuceLibraryCode</Filter>
    </ClCompile>
    <ClCompile Include="lib\JuceLibraryCode\include_juce_audio_formats.cpp">
      <Filter>lib\JuceLibraryCode</Filter>
    </ClCompile>
    <ClCompile Include="lib\JuceLibraryCode\include_juce_audio_processors.cpp">
      <Filter>lib\JuceLibraryCode</Filter>
    </ClCompile>
    <ClCompile Include="lib\JuceLibraryCode\include_juce_core.cpp">
      <Filter>lib\JuceLibraryCode</Filter>
    </ClCompile>
    <ClCompile Include="lib\JuceLibraryCode\include_juce_cryptography.cpp">
      <Filter>lib\JuceLibraryCode</Filter>
    </ClCompile>
    <ClCompile Include="lib\JuceLibraryCode\include_juce_data_structures.cpp">
      <Filter>lib\JuceLibraryCode</Filter>
    </ClCompile>
    <ClCompile Include="lib\JuceLibraryCode\include_juce_events.cpp">
      <Filter>lib\JuceLibraryCode</Filter>
    </ClCompile>
    <ClCompile Include="lib\JuceLibraryCode\include_juce_graphics.cpp">
      <Filter>lib\JuceLibraryCode</Filter>
    </ClCompile>
    <ClCompile Include="lib\JuceLibraryCode\include_juce_gui_basics.cpp">
      <Filter>lib\JuceLibraryCode</Filter>
    </ClCompile>
    <ClCompile Include="lib\JuceLibraryCode\include_juce_gui_extra.cpp">
      <Filter>lib\JuceLibraryCode</Filter>
    </ClCompile>
    <ClCompile Include="lib\JuceLibraryCode\include_juce_opengl.cpp">
      <Filter>lib\JuceLibraryCode</Filter>
    </ClCompile>
    <ClCompile Include="src\gui\sl_gui.cpp" />
  </ItemGroup>
  <ItemGroup>
    <ClInclude Include="lib\fmt\container.h">
      <Filter>lib\fmt</Filter>
    </ClInclude>
    <ClInclude Include="lib\fmt\format.h">
      <Filter>lib\fmt</Filter>
    </ClInclude>
    <ClInclude Include="lib\fmt\ostream.h">
      <Filter>lib\fmt</Filter>
    </ClInclude>
    <ClInclude Include="lib\fmt\posix.h">
      <Filter>lib\fmt</Filter>
    </ClInclude>
    <ClInclude Include="lib\fmt\printf.h">
      <Filter>lib\fmt</Filter>
    </ClInclude>
    <ClInclude Include="lib\fmt\string.h">
      <Filter>lib\fmt</Filter>
    </ClInclude>
    <ClInclude Include="lib\fmt\time.h">
      <Filter>lib\fmt</Filter>
    </ClInclude>
    <ClInclude Include="lib\json\json\json.h">
      <Filter>lib\jsoncpp\json</Filter>
    </ClInclude>
    <ClInclude Include="lib\json\json\json-forwards.h">
      <Filter>lib\jsoncpp\json</Filter>
    </ClInclude>
    <ClInclude Include="src\csurf.h" />
    <ClInclude Include="src\csurf_sl.h" />
    <ClInclude Include="src\reaper_plugin.h" />
    <ClInclude Include="src\reaper_plugin_functions.h" />
    <ClInclude Include="src\resource.h" />
    <ClInclude Include="src\controls\sl_button.h">
      <Filter>controls</Filter>
    </ClInclude>
    <ClInclude Include="src\controls\sl_drumpad.h">
      <Filter>controls</Filter>
    </ClInclude>
    <ClInclude Include="src\controls\sl_encoder.h">
      <Filter>controls</Filter>
    </ClInclude>
    <ClInclude Include="src\controls\sl_fader.h">
      <Filter>controls</Filter>
    </ClInclude>
    <ClInclude Include="src\controls\sl_pot.h">
      <Filter>controls</Filter>
    </ClInclude>
    <ClInclude Include="src\controls\sl_speeddial.h">
      <Filter>controls</Filter>
    </ClInclude>
    <ClInclude Include="src\controls\sl_touchpad.h">
      <Filter>controls</Filter>
    </ClInclude>
    <ClInclude Include="src\routines\sl_cmd.h">
      <Filter>routines</Filter>
    </ClInclude>
    <ClInclude Include="src\routines\sl_convert.h">
      <Filter>routines</Filter>
    </ClInclude>
    <ClInclude Include="src\routines\sl_dependencies.h">
      <Filter>routines</Filter>
    </ClInclude>
    <ClInclude Include="src\routines\sl_display.h">
      <Filter>routines</Filter>
    </ClInclude>
    <ClInclude Include="src\routines\sl_global.h">
      <Filter>routines</Filter>
    </ClInclude>
    <ClInclude Include="src\routines\sl_led.h">
      <Filter>routines</Filter>
    </ClInclude>
    <ClInclude Include="src\routines\sl_modeselector.h">
      <Filter>routines</Filter>
    </ClInclude>
    <ClInclude Include="src\routines\sl_sysex.h">
      <Filter>routines</Filter>
    </ClInclude>
    <ClInclude Include="src\routines\sl_transport.h">
      <Filter>routines</Filter>
    </ClInclude>
    <ClInclude Include="src\reaper\rea_data.h">
      <Filter>reaper</Filter>
    </ClInclude>
    <ClInclude Include="src\reaper\rea_track.h">
      <Filter>reaper</Filter>
    </ClInclude>
    <ClInclude Include="lib\timer\cxxtimer.hpp">
      <Filter>lib\timer</Filter>
    </ClInclude>
    <ClInclude Include="src\gui\sl_gui.h">
      <Filter>gui</Filter>
    </ClInclude>
    <ClInclude Include="lib\JuceLibraryCode\AppConfig.h">
      <Filter>lib\JuceLibraryCode</Filter>
    </ClInclude>
    <ClInclude Include="lib\JuceLibraryCode\JuceHeader.h">
      <Filter>lib\JuceLibraryCode</Filter>
    </ClInclude>
  </ItemGroup>
  <ItemGroup>
    <Filter Include="Config">
      <UniqueIdentifier>{911140e0-56f1-49c8-a130-98e5e322ca5c}</UniqueIdentifier>
    </Filter>
    <Filter Include="lib">
      <UniqueIdentifier>{b5310bd5-4c32-4805-9987-ba167e62bcb9}</UniqueIdentifier>
    </Filter>
    <Filter Include="lib\jsoncpp">
      <UniqueIdentifier>{eedde765-7807-4ac4-b9f2-1cd57719cd98}</UniqueIdentifier>
    </Filter>
    <Filter Include="lib\jsoncpp\json">
      <UniqueIdentifier>{ee2a372c-4f0d-464f-a8db-94266cedd732}</UniqueIdentifier>
    </Filter>
    <Filter Include="lib\fmt">
      <UniqueIdentifier>{afb90d60-4e42-48e9-9a2e-805de44c9dde}</UniqueIdentifier>
    </Filter>
    <Filter Include="routines">
      <UniqueIdentifier>{b74d3f81-737f-44a6-957e-88627a228026}</UniqueIdentifier>
    </Filter>
    <Filter Include="reaper">
      <UniqueIdentifier>{b7a91960-d13d-4cbb-9d8a-51063cdc33b5}</UniqueIdentifier>
    </Filter>
    <Filter Include="controls">
      <UniqueIdentifier>{f05303d2-2ac9-413e-ba9f-d1a425129156}</UniqueIdentifier>
    </Filter>
    <Filter Include="extra">
      <UniqueIdentifier>{48cad999-2e1b-41b5-b516-3be4c31864a4}</UniqueIdentifier>
    </Filter>
    <Filter Include="lib\timer">
      <UniqueIdentifier>{16605cc3-50cb-4802-b2d3-673e0aa30dca}</UniqueIdentifier>
    </Filter>
    <Filter Include="gui">
      <UniqueIdentifier>{f0fbe70c-a2ae-4628-b17d-a4b8096f4f2a}</UniqueIdentifier>
    </Filter>
    <Filter Include="lib\JuceLibraryCode">
      <UniqueIdentifier>{037444d8-1012-4f90-81b4-063c536c5277}</UniqueIdentifier>
    </Filter>
  </ItemGroup>
  <ItemGroup>
    <None Include="lib\JuceLibraryCode\include_juce_audio_basics.mm">
      <Filter>lib\JuceLibraryCode</Filter>
    </None>
    <None Include="lib\JuceLibraryCode\include_juce_audio_devices.mm">
      <Filter>lib\JuceLibraryCode</Filter>
    </None>
    <None Include="lib\JuceLibraryCode\include_juce_audio_formats.mm">
      <Filter>lib\JuceLibraryCode</Filter>
    </None>
    <None Include="lib\JuceLibraryCode\include_juce_audio_processors.mm">
      <Filter>lib\JuceLibraryCode</Filter>
    </None>
    <None Include="lib\JuceLibraryCode\include_juce_core.mm">
      <Filter>lib\JuceLibraryCode</Filter>
    </None>
    <None Include="lib\JuceLibraryCode\include_juce_cryptography.mm">
      <Filter>lib\JuceLibraryCode</Filter>
    </None>
    <None Include="lib\JuceLibraryCode\include_juce_data_structures.mm">
      <Filter>lib\JuceLibraryCode</Filter>
    </None>
    <None Include="lib\JuceLibraryCode\include_juce_events.mm">
      <Filter>lib\JuceLibraryCode</Filter>
    </None>
    <None Include="lib\JuceLibraryCode\include_juce_graphics.mm">
      <Filter>lib\JuceLibraryCode</Filter>
    </None>
    <None Include="lib\JuceLibraryCode\include_juce_gui_basics.mm">
      <Filter>lib\JuceLibraryCode</Filter>
    </None>
    <None Include="lib\JuceLibraryCode\include_juce_gui_extra.mm">
      <Filter>lib\JuceLibraryCode</Filter>
    </None>
    <None Include="lib\JuceLibraryCode\include_juce_opengl.mm">
      <Filter>lib\JuceLibraryCode</Filter>
    </None>
  </ItemGroup>
  <ItemGroup>
    <Text Include="lib\fmt\CMakeLists.txt">
      <Filter>lib\fmt</Filter>
    </Text>
    <Text Include="lib\JuceLibraryCode\ReadMe.txt">
      <Filter>lib\JuceLibraryCode</Filter>
    </Text>
  </ItemGroup>
  <ItemGroup>
    <ResourceCompile Include="src\res.rc" />
  </ItemGroup>
</Project>